// !$*UTF8*$!
{
	archiveVersion = 1;
	classes = {
	};
	objectVersion = 55;
	objects = {

/* Begin PBXBuildFile section */
		CA17AB1527E254AA0078F6B9 /* AppDelegate.swift in Sources */ = {isa = PBXBuildFile; fileRef = CA17AB1427E254AA0078F6B9 /* AppDelegate.swift */; };
		CA17AB1727E254AA0078F6B9 /* SceneDelegate.swift in Sources */ = {isa = PBXBuildFile; fileRef = CA17AB1627E254AA0078F6B9 /* SceneDelegate.swift */; };
		CA17AB1927E254AA0078F6B9 /* HomeViewController.swift in Sources */ = {isa = PBXBuildFile; fileRef = CA17AB1827E254AA0078F6B9 /* HomeViewController.swift */; };
		CA17AB1C27E254AA0078F6B9 /* Storyboard.storyboard in Resources */ = {isa = PBXBuildFile; fileRef = CA17AB1A27E254AA0078F6B9 /* Storyboard.storyboard */; };
		CA17AB1E27E254AD0078F6B9 /* Assets.xcassets in Resources */ = {isa = PBXBuildFile; fileRef = CA17AB1D27E254AD0078F6B9 /* Assets.xcassets */; };
		CA17AB2127E254AD0078F6B9 /* LaunchScreen.storyboard in Resources */ = {isa = PBXBuildFile; fileRef = CA17AB1F27E254AD0078F6B9 /* LaunchScreen.storyboard */; };
		CA17AB2B27E25CE50078F6B9 /* SearchViewCell.swift in Sources */ = {isa = PBXBuildFile; fileRef = CA17AB2A27E25CE50078F6B9 /* SearchViewCell.swift */; };
		CA17AB2D27E26C0E0078F6B9 /* JobDetailsViewController.swift in Sources */ = {isa = PBXBuildFile; fileRef = CA17AB2C27E26C0E0078F6B9 /* JobDetailsViewController.swift */; };
		CA17AB3027E273490078F6B9 /* UILayoutHelpers+Extensions.swift in Sources */ = {isa = PBXBuildFile; fileRef = CA17AB2F27E273490078F6B9 /* UILayoutHelpers+Extensions.swift */; };
		CA367C052804FA6D0022AC56 /* ViewController.swift in Sources */ = {isa = PBXBuildFile; fileRef = CA367C042804FA6D0022AC56 /* ViewController.swift */; };
		CA367C092804FEB10022AC56 /* FirebaseAnalytics in Frameworks */ = {isa = PBXBuildFile; productRef = CA367C082804FEB10022AC56 /* FirebaseAnalytics */; };
		CA367C0B2804FEB10022AC56 /* FirebaseAnalyticsSwift-Beta in Frameworks */ = {isa = PBXBuildFile; productRef = CA367C0A2804FEB10022AC56 /* FirebaseAnalyticsSwift-Beta */; };
		CA367C0D2804FEB10022AC56 /* FirebaseAnalyticsWithoutAdIdSupport in Frameworks */ = {isa = PBXBuildFile; productRef = CA367C0C2804FEB10022AC56 /* FirebaseAnalyticsWithoutAdIdSupport */; };
		CA367C0F2804FEB10022AC56 /* FirebaseAppCheck in Frameworks */ = {isa = PBXBuildFile; productRef = CA367C0E2804FEB10022AC56 /* FirebaseAppCheck */; };
		CA367C112804FEB10022AC56 /* FirebaseAppDistribution-Beta in Frameworks */ = {isa = PBXBuildFile; productRef = CA367C102804FEB10022AC56 /* FirebaseAppDistribution-Beta */; };
		CA367C132804FEB10022AC56 /* FirebaseAuth in Frameworks */ = {isa = PBXBuildFile; productRef = CA367C122804FEB10022AC56 /* FirebaseAuth */; };
		CA367C152804FEB10022AC56 /* FirebaseAuthCombine-Community in Frameworks */ = {isa = PBXBuildFile; productRef = CA367C142804FEB10022AC56 /* FirebaseAuthCombine-Community */; };
		CA367C172804FEB10022AC56 /* FirebaseCrashlytics in Frameworks */ = {isa = PBXBuildFile; productRef = CA367C162804FEB10022AC56 /* FirebaseCrashlytics */; };
		CA367C192804FEB10022AC56 /* FirebaseDatabase in Frameworks */ = {isa = PBXBuildFile; productRef = CA367C182804FEB10022AC56 /* FirebaseDatabase */; };
		CA367C1B2804FEB10022AC56 /* FirebaseDatabaseSwift-Beta in Frameworks */ = {isa = PBXBuildFile; productRef = CA367C1A2804FEB10022AC56 /* FirebaseDatabaseSwift-Beta */; };
		CA367C1D2804FEB10022AC56 /* FirebaseDynamicLinks in Frameworks */ = {isa = PBXBuildFile; productRef = CA367C1C2804FEB10022AC56 /* FirebaseDynamicLinks */; };
		CA367C1F2804FEB10022AC56 /* FirebaseFirestore in Frameworks */ = {isa = PBXBuildFile; productRef = CA367C1E2804FEB10022AC56 /* FirebaseFirestore */; };
		CA367C212804FEB10022AC56 /* FirebaseFirestoreCombine-Community in Frameworks */ = {isa = PBXBuildFile; productRef = CA367C202804FEB10022AC56 /* FirebaseFirestoreCombine-Community */; };
		CA367C232804FEB10022AC56 /* FirebaseFirestoreSwift-Beta in Frameworks */ = {isa = PBXBuildFile; productRef = CA367C222804FEB10022AC56 /* FirebaseFirestoreSwift-Beta */; };
		CA367C252804FEB10022AC56 /* FirebaseFunctions in Frameworks */ = {isa = PBXBuildFile; productRef = CA367C242804FEB10022AC56 /* FirebaseFunctions */; };
		CA367C272804FEB10022AC56 /* FirebaseFunctionsCombine-Community in Frameworks */ = {isa = PBXBuildFile; productRef = CA367C262804FEB10022AC56 /* FirebaseFunctionsCombine-Community */; };
		CA367C292804FEB10022AC56 /* FirebaseInAppMessaging-Beta in Frameworks */ = {isa = PBXBuildFile; productRef = CA367C282804FEB10022AC56 /* FirebaseInAppMessaging-Beta */; };
		CA367C2B2804FEB10022AC56 /* FirebaseInAppMessagingSwift-Beta in Frameworks */ = {isa = PBXBuildFile; productRef = CA367C2A2804FEB10022AC56 /* FirebaseInAppMessagingSwift-Beta */; };
		CA367C2D2804FEB10022AC56 /* FirebaseInstallations in Frameworks */ = {isa = PBXBuildFile; productRef = CA367C2C2804FEB10022AC56 /* FirebaseInstallations */; };
		CA367C2F2804FEB10022AC56 /* FirebaseMessaging in Frameworks */ = {isa = PBXBuildFile; productRef = CA367C2E2804FEB10022AC56 /* FirebaseMessaging */; };
		CA367C312804FEB10022AC56 /* FirebasePerformance in Frameworks */ = {isa = PBXBuildFile; productRef = CA367C302804FEB10022AC56 /* FirebasePerformance */; };
		CA367C332804FEB10022AC56 /* FirebaseRemoteConfig in Frameworks */ = {isa = PBXBuildFile; productRef = CA367C322804FEB10022AC56 /* FirebaseRemoteConfig */; };
		CA367C352804FEB10022AC56 /* FirebaseStorage in Frameworks */ = {isa = PBXBuildFile; productRef = CA367C342804FEB10022AC56 /* FirebaseStorage */; };
		CA367C372804FEB10022AC56 /* FirebaseStorageCombine-Community in Frameworks */ = {isa = PBXBuildFile; productRef = CA367C362804FEB10022AC56 /* FirebaseStorageCombine-Community */; };
		CA367C392804FEB10022AC56 /* FirebaseStorageSwift-Beta in Frameworks */ = {isa = PBXBuildFile; productRef = CA367C382804FEB10022AC56 /* FirebaseStorageSwift-Beta */; };
		CA367C3B28051CEE0022AC56 /* LoginViewController.swift in Sources */ = {isa = PBXBuildFile; fileRef = CA367C3A28051CEE0022AC56 /* LoginViewController.swift */; };
		CA38C3972804F436007DD848 /* GoogleService-Info.plist in Resources */ = {isa = PBXBuildFile; fileRef = CA38C3962804F436007DD848 /* GoogleService-Info.plist */; };
		CAA4885528013FB300212277 /* Posting.swift in Sources */ = {isa = PBXBuildFile; fileRef = CAA4885428013FB300212277 /* Posting.swift */; };
		CAA4885A2801426C00212277 /* ErrorMessage.swift in Sources */ = {isa = PBXBuildFile; fileRef = CAA488592801426C00212277 /* ErrorMessage.swift */; };
		CAA4885D2801433400212277 /* Service.swift in Sources */ = {isa = PBXBuildFile; fileRef = CAA4885C2801433400212277 /* Service.swift */; };
/* End PBXBuildFile section */

/* Begin PBXFileReference section */
		CA17AB1127E254AA0078F6B9 /* GradCareer.app */ = {isa = PBXFileReference; explicitFileType = wrapper.application; includeInIndex = 0; path = GradCareer.app; sourceTree = BUILT_PRODUCTS_DIR; };
		CA17AB1427E254AA0078F6B9 /* AppDelegate.swift */ = {isa = PBXFileReference; lastKnownFileType = sourcecode.swift; path = AppDelegate.swift; sourceTree = "<group>"; };
		CA17AB1627E254AA0078F6B9 /* SceneDelegate.swift */ = {isa = PBXFileReference; lastKnownFileType = sourcecode.swift; path = SceneDelegate.swift; sourceTree = "<group>"; };
		CA17AB1827E254AA0078F6B9 /* HomeViewController.swift */ = {isa = PBXFileReference; lastKnownFileType = sourcecode.swift; path = HomeViewController.swift; sourceTree = "<group>"; };
		CA17AB1B27E254AA0078F6B9 /* Base */ = {isa = PBXFileReference; lastKnownFileType = file.storyboard; name = Base; path = Base.lproj/Storyboard.storyboard; sourceTree = "<group>"; };
		CA17AB1D27E254AD0078F6B9 /* Assets.xcassets */ = {isa = PBXFileReference; lastKnownFileType = folder.assetcatalog; path = Assets.xcassets; sourceTree = "<group>"; };
		CA17AB2027E254AD0078F6B9 /* Base */ = {isa = PBXFileReference; lastKnownFileType = file.storyboard; name = Base; path = Base.lproj/LaunchScreen.storyboard; sourceTree = "<group>"; };
		CA17AB2227E254AD0078F6B9 /* Info.plist */ = {isa = PBXFileReference; lastKnownFileType = text.plist.xml; path = Info.plist; sourceTree = "<group>"; };
		CA17AB2A27E25CE50078F6B9 /* SearchViewCell.swift */ = {isa = PBXFileReference; lastKnownFileType = sourcecode.swift; path = SearchViewCell.swift; sourceTree = "<group>"; };
		CA17AB2C27E26C0E0078F6B9 /* JobDetailsViewController.swift */ = {isa = PBXFileReference; lastKnownFileType = sourcecode.swift; path = JobDetailsViewController.swift; sourceTree = "<group>"; };
		CA17AB2F27E273490078F6B9 /* UILayoutHelpers+Extensions.swift */ = {isa = PBXFileReference; lastKnownFileType = sourcecode.swift; path = "UILayoutHelpers+Extensions.swift"; sourceTree = "<group>"; };
		CA367C042804FA6D0022AC56 /* ViewController.swift */ = {isa = PBXFileReference; fileEncoding = 4; lastKnownFileType = sourcecode.swift; path = ViewController.swift; sourceTree = "<group>"; };
		CA367C3A28051CEE0022AC56 /* LoginViewController.swift */ = {isa = PBXFileReference; lastKnownFileType = sourcecode.swift; path = LoginViewController.swift; sourceTree = "<group>"; };
		CA38C3962804F436007DD848 /* GoogleService-Info.plist */ = {isa = PBXFileReference; fileEncoding = 4; lastKnownFileType = text.plist.xml; path = "GoogleService-Info.plist"; sourceTree = "<group>"; };
		CAA4885428013FB300212277 /* Posting.swift */ = {isa = PBXFileReference; lastKnownFileType = sourcecode.swift; path = Posting.swift; sourceTree = "<group>"; };
		CAA488592801426C00212277 /* ErrorMessage.swift */ = {isa = PBXFileReference; lastKnownFileType = sourcecode.swift; path = ErrorMessage.swift; sourceTree = "<group>"; };
		CAA4885C2801433400212277 /* Service.swift */ = {isa = PBXFileReference; lastKnownFileType = sourcecode.swift; path = Service.swift; sourceTree = "<group>"; };
/* End PBXFileReference section */

/* Begin PBXFrameworksBuildPhase section */
		CA17AB0E27E254AA0078F6B9 /* Frameworks */ = {
			isa = PBXFrameworksBuildPhase;
			buildActionMask = 2147483647;
			files = (
				CA367C212804FEB10022AC56 /* FirebaseFirestoreCombine-Community in Frameworks */,
				CA367C1B2804FEB10022AC56 /* FirebaseDatabaseSwift-Beta in Frameworks */,
				CA367C1D2804FEB10022AC56 /* FirebaseDynamicLinks in Frameworks */,
				CA367C0F2804FEB10022AC56 /* FirebaseAppCheck in Frameworks */,
				CA367C132804FEB10022AC56 /* FirebaseAuth in Frameworks */,
				CA367C292804FEB10022AC56 /* FirebaseInAppMessaging-Beta in Frameworks */,
				CA367C0B2804FEB10022AC56 /* FirebaseAnalyticsSwift-Beta in Frameworks */,
				CA367C1F2804FEB10022AC56 /* FirebaseFirestore in Frameworks */,
				CA367C2D2804FEB10022AC56 /* FirebaseInstallations in Frameworks */,
				CA367C272804FEB10022AC56 /* FirebaseFunctionsCombine-Community in Frameworks */,
				CA367C392804FEB10022AC56 /* FirebaseStorageSwift-Beta in Frameworks */,
				CA367C372804FEB10022AC56 /* FirebaseStorageCombine-Community in Frameworks */,
				CA367C112804FEB10022AC56 /* FirebaseAppDistribution-Beta in Frameworks */,
				CA367C352804FEB10022AC56 /* FirebaseStorage in Frameworks */,
				CA367C332804FEB10022AC56 /* FirebaseRemoteConfig in Frameworks */,
				CA367C0D2804FEB10022AC56 /* FirebaseAnalyticsWithoutAdIdSupport in Frameworks */,
				CA367C2F2804FEB10022AC56 /* FirebaseMessaging in Frameworks */,
				CA367C232804FEB10022AC56 /* FirebaseFirestoreSwift-Beta in Frameworks */,
				CA367C312804FEB10022AC56 /* FirebasePerformance in Frameworks */,
				CA367C172804FEB10022AC56 /* FirebaseCrashlytics in Frameworks */,
				CA367C192804FEB10022AC56 /* FirebaseDatabase in Frameworks */,
				CA367C252804FEB10022AC56 /* FirebaseFunctions in Frameworks */,
				CA367C152804FEB10022AC56 /* FirebaseAuthCombine-Community in Frameworks */,
				CA367C2B2804FEB10022AC56 /* FirebaseInAppMessagingSwift-Beta in Frameworks */,
				CA367C092804FEB10022AC56 /* FirebaseAnalytics in Frameworks */,
			);
			runOnlyForDeploymentPostprocessing = 0;
		};
/* End PBXFrameworksBuildPhase section */

/* Begin PBXGroup section */
		CA17AB0827E254AA0078F6B9 = {
			isa = PBXGroup;
			children = (
				CA17AB1327E254AA0078F6B9 /* GradCareer */,
				CA17AB1227E254AA0078F6B9 /* Products */,
			);
			sourceTree = "<group>";
		};
		CA17AB1227E254AA0078F6B9 /* Products */ = {
			isa = PBXGroup;
			children = (
				CA17AB1127E254AA0078F6B9 /* GradCareer.app */,
			);
			name = Products;
			sourceTree = "<group>";
		};
		CA17AB1327E254AA0078F6B9 /* GradCareer */ = {
			isa = PBXGroup;
			children = (
				CAE4E5D22804B88A007DB9F6 /* ViewControllers */,
				CAA4885B2801431400212277 /* Services */,
				CAA488582801424C00212277 /* Utilities */,
				CAA4885328013F8100212277 /* Models */,
				CA17AB2E27E272E10078F6B9 /* Helpers */,
				CA17AB1427E254AA0078F6B9 /* AppDelegate.swift */,
				CA17AB1627E254AA0078F6B9 /* SceneDelegate.swift */,
				CA17AB1A27E254AA0078F6B9 /* Storyboard.storyboard */,
				CA17AB1D27E254AD0078F6B9 /* Assets.xcassets */,
				CA17AB1F27E254AD0078F6B9 /* LaunchScreen.storyboard */,
				CA17AB2227E254AD0078F6B9 /* Info.plist */,
				CA38C3962804F436007DD848 /* GoogleService-Info.plist */,
				CA17AB2A27E25CE50078F6B9 /* SearchViewCell.swift */,
			);
			path = GradCareer;
			sourceTree = "<group>";
		};
		CA17AB2E27E272E10078F6B9 /* Helpers */ = {
			isa = PBXGroup;
			children = (
				CA17AB2F27E273490078F6B9 /* UILayoutHelpers+Extensions.swift */,
			);
			path = Helpers;
			sourceTree = "<group>";
		};
		CAA4885328013F8100212277 /* Models */ = {
			isa = PBXGroup;
			children = (
				CAA4885428013FB300212277 /* Posting.swift */,
			);
			path = Models;
			sourceTree = "<group>";
		};
		CAA488582801424C00212277 /* Utilities */ = {
			isa = PBXGroup;
			children = (
				CAA488592801426C00212277 /* ErrorMessage.swift */,
			);
			path = Utilities;
			sourceTree = "<group>";
		};
		CAA4885B2801431400212277 /* Services */ = {
			isa = PBXGroup;
			children = (
				CAA4885C2801433400212277 /* Service.swift */,
			);
			path = Services;
			sourceTree = "<group>";
		};
		CAE4E5D22804B88A007DB9F6 /* ViewControllers */ = {
			isa = PBXGroup;
			children = (
				CA17AB1827E254AA0078F6B9 /* HomeViewController.swift */,
				CA17AB2C27E26C0E0078F6B9 /* JobDetailsViewController.swift */,
				CA367C042804FA6D0022AC56 /* ViewController.swift */,
				CA367C3A28051CEE0022AC56 /* LoginViewController.swift */,
			);
			path = ViewControllers;
			sourceTree = "<group>";
		};
/* End PBXGroup section */

/* Begin PBXNativeTarget section */
		CA17AB1027E254AA0078F6B9 /* GradCareer */ = {
			isa = PBXNativeTarget;
			buildConfigurationList = CA17AB2527E254AD0078F6B9 /* Build configuration list for PBXNativeTarget "GradCareer" */;
			buildPhases = (
				CA17AB0D27E254AA0078F6B9 /* Sources */,
				CA17AB0E27E254AA0078F6B9 /* Frameworks */,
				CA17AB0F27E254AA0078F6B9 /* Resources */,
			);
			buildRules = (
			);
			dependencies = (
			);
			name = GradCareer;
			packageProductDependencies = (
				CA367C082804FEB10022AC56 /* FirebaseAnalytics */,
				CA367C0A2804FEB10022AC56 /* FirebaseAnalyticsSwift-Beta */,
				CA367C0C2804FEB10022AC56 /* FirebaseAnalyticsWithoutAdIdSupport */,
				CA367C0E2804FEB10022AC56 /* FirebaseAppCheck */,
				CA367C102804FEB10022AC56 /* FirebaseAppDistribution-Beta */,
				CA367C122804FEB10022AC56 /* FirebaseAuth */,
				CA367C142804FEB10022AC56 /* FirebaseAuthCombine-Community */,
				CA367C162804FEB10022AC56 /* FirebaseCrashlytics */,
				CA367C182804FEB10022AC56 /* FirebaseDatabase */,
				CA367C1A2804FEB10022AC56 /* FirebaseDatabaseSwift-Beta */,
				CA367C1C2804FEB10022AC56 /* FirebaseDynamicLinks */,
				CA367C1E2804FEB10022AC56 /* FirebaseFirestore */,
				CA367C202804FEB10022AC56 /* FirebaseFirestoreCombine-Community */,
				CA367C222804FEB10022AC56 /* FirebaseFirestoreSwift-Beta */,
				CA367C242804FEB10022AC56 /* FirebaseFunctions */,
				CA367C262804FEB10022AC56 /* FirebaseFunctionsCombine-Community */,
				CA367C282804FEB10022AC56 /* FirebaseInAppMessaging-Beta */,
				CA367C2A2804FEB10022AC56 /* FirebaseInAppMessagingSwift-Beta */,
				CA367C2C2804FEB10022AC56 /* FirebaseInstallations */,
				CA367C2E2804FEB10022AC56 /* FirebaseMessaging */,
				CA367C302804FEB10022AC56 /* FirebasePerformance */,
				CA367C322804FEB10022AC56 /* FirebaseRemoteConfig */,
				CA367C342804FEB10022AC56 /* FirebaseStorage */,
				CA367C362804FEB10022AC56 /* FirebaseStorageCombine-Community */,
				CA367C382804FEB10022AC56 /* FirebaseStorageSwift-Beta */,
			);
			productName = GradCareer;
			productReference = CA17AB1127E254AA0078F6B9 /* GradCareer.app */;
			productType = "com.apple.product-type.application";
		};
/* End PBXNativeTarget section */

/* Begin PBXProject section */
		CA17AB0927E254AA0078F6B9 /* Project object */ = {
			isa = PBXProject;
			attributes = {
				BuildIndependentTargetsInParallel = 1;
				LastSwiftUpdateCheck = 1320;
				LastUpgradeCheck = 1320;
				TargetAttributes = {
					CA17AB1027E254AA0078F6B9 = {
						CreatedOnToolsVersion = 13.2.1;
					};
				};
			};
			buildConfigurationList = CA17AB0C27E254AA0078F6B9 /* Build configuration list for PBXProject "GradCareer" */;
			compatibilityVersion = "Xcode 13.0";
			developmentRegion = en;
			hasScannedForEncodings = 0;
			knownRegions = (
				en,
				Base,
			);
			mainGroup = CA17AB0827E254AA0078F6B9;
			packageReferences = (
				CA367C072804FEB10022AC56 /* XCRemoteSwiftPackageReference "firebase-ios-sdk" */,
			);
			productRefGroup = CA17AB1227E254AA0078F6B9 /* Products */;
			projectDirPath = "";
			projectRoot = "";
			targets = (
				CA17AB1027E254AA0078F6B9 /* GradCareer */,
			);
		};
/* End PBXProject section */

/* Begin PBXResourcesBuildPhase section */
		CA17AB0F27E254AA0078F6B9 /* Resources */ = {
			isa = PBXResourcesBuildPhase;
			buildActionMask = 2147483647;
			files = (
				CA17AB2127E254AD0078F6B9 /* LaunchScreen.storyboard in Resources */,
				CA38C3972804F436007DD848 /* GoogleService-Info.plist in Resources */,
				CA17AB1E27E254AD0078F6B9 /* Assets.xcassets in Resources */,
				CA17AB1C27E254AA0078F6B9 /* Storyboard.storyboard in Resources */,
			);
			runOnlyForDeploymentPostprocessing = 0;
		};
/* End PBXResourcesBuildPhase section */

/* Begin PBXSourcesBuildPhase section */
		CA17AB0D27E254AA0078F6B9 /* Sources */ = {
			isa = PBXSourcesBuildPhase;
			buildActionMask = 2147483647;
			files = (
				CA17AB2B27E25CE50078F6B9 /* SearchViewCell.swift in Sources */,
				CA17AB1927E254AA0078F6B9 /* HomeViewController.swift in Sources */,
				CA17AB1527E254AA0078F6B9 /* AppDelegate.swift in Sources */,
				CAA4885528013FB300212277 /* Posting.swift in Sources */,
				CA367C052804FA6D0022AC56 /* ViewController.swift in Sources */,
				CAA4885A2801426C00212277 /* ErrorMessage.swift in Sources */,
				CAA4885D2801433400212277 /* Service.swift in Sources */,
				CA17AB1727E254AA0078F6B9 /* SceneDelegate.swift in Sources */,
				CA17AB3027E273490078F6B9 /* UILayoutHelpers+Extensions.swift in Sources */,
				CA17AB2D27E26C0E0078F6B9 /* JobDetailsViewController.swift in Sources */,
				CA367C3B28051CEE0022AC56 /* LoginViewController.swift in Sources */,
			);
			runOnlyForDeploymentPostprocessing = 0;
		};
/* End PBXSourcesBuildPhase section */

/* Begin PBXVariantGroup section */
		CA17AB1A27E254AA0078F6B9 /* Storyboard.storyboard */ = {
			isa = PBXVariantGroup;
			children = (
				CA17AB1B27E254AA0078F6B9 /* Base */,
			);
			name = Storyboard.storyboard;
			sourceTree = "<group>";
		};
		CA17AB1F27E254AD0078F6B9 /* LaunchScreen.storyboard */ = {
			isa = PBXVariantGroup;
			children = (
				CA17AB2027E254AD0078F6B9 /* Base */,
			);
			name = LaunchScreen.storyboard;
			sourceTree = "<group>";
		};
/* End PBXVariantGroup section */

/* Begin XCBuildConfiguration section */
		CA17AB2327E254AD0078F6B9 /* Debug */ = {
			isa = XCBuildConfiguration;
			buildSettings = {
				ALWAYS_SEARCH_USER_PATHS = NO;
				CLANG_ANALYZER_NONNULL = YES;
				CLANG_ANALYZER_NUMBER_OBJECT_CONVERSION = YES_AGGRESSIVE;
				CLANG_CXX_LANGUAGE_STANDARD = "gnu++17";
				CLANG_CXX_LIBRARY = "libc++";
				CLANG_ENABLE_MODULES = YES;
				CLANG_ENABLE_OBJC_ARC = YES;
				CLANG_ENABLE_OBJC_WEAK = YES;
				CLANG_WARN_BLOCK_CAPTURE_AUTORELEASING = YES;
				CLANG_WARN_BOOL_CONVERSION = YES;
				CLANG_WARN_COMMA = YES;
				CLANG_WARN_CONSTANT_CONVERSION = YES;
				CLANG_WARN_DEPRECATED_OBJC_IMPLEMENTATIONS = YES;
				CLANG_WARN_DIRECT_OBJC_ISA_USAGE = YES_ERROR;
				CLANG_WARN_DOCUMENTATION_COMMENTS = YES;
				CLANG_WARN_EMPTY_BODY = YES;
				CLANG_WARN_ENUM_CONVERSION = YES;
				CLANG_WARN_INFINITE_RECURSION = YES;
				CLANG_WARN_INT_CONVERSION = YES;
				CLANG_WARN_NON_LITERAL_NULL_CONVERSION = YES;
				CLANG_WARN_OBJC_IMPLICIT_RETAIN_SELF = YES;
				CLANG_WARN_OBJC_LITERAL_CONVERSION = YES;
				CLANG_WARN_OBJC_ROOT_CLASS = YES_ERROR;
				CLANG_WARN_QUOTED_INCLUDE_IN_FRAMEWORK_HEADER = YES;
				CLANG_WARN_RANGE_LOOP_ANALYSIS = YES;
				CLANG_WARN_STRICT_PROTOTYPES = YES;
				CLANG_WARN_SUSPICIOUS_MOVE = YES;
				CLANG_WARN_UNGUARDED_AVAILABILITY = YES_AGGRESSIVE;
				CLANG_WARN_UNREACHABLE_CODE = YES;
				CLANG_WARN__DUPLICATE_METHOD_MATCH = YES;
				COPY_PHASE_STRIP = NO;
				DEBUG_INFORMATION_FORMAT = dwarf;
				ENABLE_STRICT_OBJC_MSGSEND = YES;
				ENABLE_TESTABILITY = YES;
				GCC_C_LANGUAGE_STANDARD = gnu11;
				GCC_DYNAMIC_NO_PIC = NO;
				GCC_NO_COMMON_BLOCKS = YES;
				GCC_OPTIMIZATION_LEVEL = 0;
				GCC_PREPROCESSOR_DEFINITIONS = (
					"DEBUG=1",
					"$(inherited)",
				);
				GCC_WARN_64_TO_32_BIT_CONVERSION = YES;
				GCC_WARN_ABOUT_RETURN_TYPE = YES_ERROR;
				GCC_WARN_UNDECLARED_SELECTOR = YES;
				GCC_WARN_UNINITIALIZED_AUTOS = YES_AGGRESSIVE;
				GCC_WARN_UNUSED_FUNCTION = YES;
				GCC_WARN_UNUSED_VARIABLE = YES;
				IPHONEOS_DEPLOYMENT_TARGET = 15.2;
				MTL_ENABLE_DEBUG_INFO = INCLUDE_SOURCE;
				MTL_FAST_MATH = YES;
				ONLY_ACTIVE_ARCH = YES;
				SDKROOT = iphoneos;
				SWIFT_ACTIVE_COMPILATION_CONDITIONS = DEBUG;
				SWIFT_OPTIMIZATION_LEVEL = "-Onone";
			};
			name = Debug;
		};
		CA17AB2427E254AD0078F6B9 /* Release */ = {
			isa = XCBuildConfiguration;
			buildSettings = {
				ALWAYS_SEARCH_USER_PATHS = NO;
				CLANG_ANALYZER_NONNULL = YES;
				CLANG_ANALYZER_NUMBER_OBJECT_CONVERSION = YES_AGGRESSIVE;
				CLANG_CXX_LANGUAGE_STANDARD = "gnu++17";
				CLANG_CXX_LIBRARY = "libc++";
				CLANG_ENABLE_MODULES = YES;
				CLANG_ENABLE_OBJC_ARC = YES;
				CLANG_ENABLE_OBJC_WEAK = YES;
				CLANG_WARN_BLOCK_CAPTURE_AUTORELEASING = YES;
				CLANG_WARN_BOOL_CONVERSION = YES;
				CLANG_WARN_COMMA = YES;
				CLANG_WARN_CONSTANT_CONVERSION = YES;
				CLANG_WARN_DEPRECATED_OBJC_IMPLEMENTATIONS = YES;
				CLANG_WARN_DIRECT_OBJC_ISA_USAGE = YES_ERROR;
				CLANG_WARN_DOCUMENTATION_COMMENTS = YES;
				CLANG_WARN_EMPTY_BODY = YES;
				CLANG_WARN_ENUM_CONVERSION = YES;
				CLANG_WARN_INFINITE_RECURSION = YES;
				CLANG_WARN_INT_CONVERSION = YES;
				CLANG_WARN_NON_LITERAL_NULL_CONVERSION = YES;
				CLANG_WARN_OBJC_IMPLICIT_RETAIN_SELF = YES;
				CLANG_WARN_OBJC_LITERAL_CONVERSION = YES;
				CLANG_WARN_OBJC_ROOT_CLASS = YES_ERROR;
				CLANG_WARN_QUOTED_INCLUDE_IN_FRAMEWORK_HEADER = YES;
				CLANG_WARN_RANGE_LOOP_ANALYSIS = YES;
				CLANG_WARN_STRICT_PROTOTYPES = YES;
				CLANG_WARN_SUSPICIOUS_MOVE = YES;
				CLANG_WARN_UNGUARDED_AVAILABILITY = YES_AGGRESSIVE;
				CLANG_WARN_UNREACHABLE_CODE = YES;
				CLANG_WARN__DUPLICATE_METHOD_MATCH = YES;
				COPY_PHASE_STRIP = NO;
				DEBUG_INFORMATION_FORMAT = "dwarf-with-dsym";
				ENABLE_NS_ASSERTIONS = NO;
				ENABLE_STRICT_OBJC_MSGSEND = YES;
				GCC_C_LANGUAGE_STANDARD = gnu11;
				GCC_NO_COMMON_BLOCKS = YES;
				GCC_WARN_64_TO_32_BIT_CONVERSION = YES;
				GCC_WARN_ABOUT_RETURN_TYPE = YES_ERROR;
				GCC_WARN_UNDECLARED_SELECTOR = YES;
				GCC_WARN_UNINITIALIZED_AUTOS = YES_AGGRESSIVE;
				GCC_WARN_UNUSED_FUNCTION = YES;
				GCC_WARN_UNUSED_VARIABLE = YES;
				IPHONEOS_DEPLOYMENT_TARGET = 15.2;
				MTL_ENABLE_DEBUG_INFO = NO;
				MTL_FAST_MATH = YES;
				SDKROOT = iphoneos;
				SWIFT_COMPILATION_MODE = wholemodule;
				SWIFT_OPTIMIZATION_LEVEL = "-O";
				VALIDATE_PRODUCT = YES;
			};
			name = Release;
		};
		CA17AB2627E254AD0078F6B9 /* Debug */ = {
			isa = XCBuildConfiguration;
			buildSettings = {
				ASSETCATALOG_COMPILER_APPICON_NAME = AppIcon;
				ASSETCATALOG_COMPILER_GLOBAL_ACCENT_COLOR_NAME = AccentColor;
				CODE_SIGN_STYLE = Automatic;
				CURRENT_PROJECT_VERSION = 1;
				DEVELOPMENT_TEAM = QU48K2Q4RC;
				GENERATE_INFOPLIST_FILE = YES;
				INFOPLIST_FILE = GradCareer/Info.plist;
				INFOPLIST_KEY_UIApplicationSupportsIndirectInputEvents = YES;
				INFOPLIST_KEY_UILaunchStoryboardName = LaunchScreen;
				INFOPLIST_KEY_UISupportedInterfaceOrientations_iPad = "UIInterfaceOrientationPortrait UIInterfaceOrientationPortraitUpsideDown UIInterfaceOrientationLandscapeLeft UIInterfaceOrientationLandscapeRight";
				INFOPLIST_KEY_UISupportedInterfaceOrientations_iPhone = "UIInterfaceOrientationPortrait UIInterfaceOrientationLandscapeLeft UIInterfaceOrientationLandscapeRight";
				LD_RUNPATH_SEARCH_PATHS = (
					"$(inherited)",
					"@executable_path/Frameworks",
				);
				MARKETING_VERSION = 1.0;
				PRODUCT_BUNDLE_IDENTIFIER = com.jobsearch.GradCareer;
				PRODUCT_NAME = "$(TARGET_NAME)";
				SWIFT_EMIT_LOC_STRINGS = YES;
				SWIFT_VERSION = 5.0;
				TARGETED_DEVICE_FAMILY = "1,2";
			};
			name = Debug;
		};
		CA17AB2727E254AD0078F6B9 /* Release */ = {
			isa = XCBuildConfiguration;
			buildSettings = {
				ASSETCATALOG_COMPILER_APPICON_NAME = AppIcon;
				ASSETCATALOG_COMPILER_GLOBAL_ACCENT_COLOR_NAME = AccentColor;
				CODE_SIGN_STYLE = Automatic;
				CURRENT_PROJECT_VERSION = 1;
				DEVELOPMENT_TEAM = QU48K2Q4RC;
				GENERATE_INFOPLIST_FILE = YES;
				INFOPLIST_FILE = GradCareer/Info.plist;
				INFOPLIST_KEY_UIApplicationSupportsIndirectInputEvents = YES;
				INFOPLIST_KEY_UILaunchStoryboardName = LaunchScreen;
				INFOPLIST_KEY_UISupportedInterfaceOrientations_iPad = "UIInterfaceOrientationPortrait UIInterfaceOrientationPortraitUpsideDown UIInterfaceOrientationLandscapeLeft UIInterfaceOrientationLandscapeRight";
				INFOPLIST_KEY_UISupportedInterfaceOrientations_iPhone = "UIInterfaceOrientationPortrait UIInterfaceOrientationLandscapeLeft UIInterfaceOrientationLandscapeRight";
				LD_RUNPATH_SEARCH_PATHS = (
					"$(inherited)",
					"@executable_path/Frameworks",
				);
				MARKETING_VERSION = 1.0;
				PRODUCT_BUNDLE_IDENTIFIER = com.jobsearch.GradCareer;
				PRODUCT_NAME = "$(TARGET_NAME)";
				SWIFT_EMIT_LOC_STRINGS = YES;
				SWIFT_VERSION = 5.0;
				TARGETED_DEVICE_FAMILY = "1,2";
			};
			name = Release;
		};
/* End XCBuildConfiguration section */

/* Begin XCConfigurationList section */
		CA17AB0C27E254AA0078F6B9 /* Build configuration list for PBXProject "GradCareer" */ = {
			isa = XCConfigurationList;
			buildConfigurations = (
				CA17AB2327E254AD0078F6B9 /* Debug */,
				CA17AB2427E254AD0078F6B9 /* Release */,
			);
			defaultConfigurationIsVisible = 0;
			defaultConfigurationName = Release;
		};
		CA17AB2527E254AD0078F6B9 /* Build configuration list for PBXNativeTarget "GradCareer" */ = {
			isa = XCConfigurationList;
			buildConfigurations = (
				CA17AB2627E254AD0078F6B9 /* Debug */,
				CA17AB2727E254AD0078F6B9 /* Release */,
			);
			defaultConfigurationIsVisible = 0;
			defaultConfigurationName = Release;
		};
/* End XCConfigurationList section */

/* Begin XCRemoteSwiftPackageReference section */
		CA367C072804FEB10022AC56 /* XCRemoteSwiftPackageReference "firebase-ios-sdk" */ = {
			isa = XCRemoteSwiftPackageReference;
			repositoryURL = "https://github.com/firebase/firebase-ios-sdk";
			requirement = {
				kind = exactVersion;
				version = 8.9.1;
			};
		};
/* End XCRemoteSwiftPackageReference section */

/* Begin XCSwiftPackageProductDependency section */
		CA367C082804FEB10022AC56 /* FirebaseAnalytics */ = {
			isa = XCSwiftPackageProductDependency;
			package = CA367C072804FEB10022AC56 /* XCRemoteSwiftPackageReference "firebase-ios-sdk" */;
			productName = FirebaseAnalytics;
		};
		CA367C0A2804FEB10022AC56 /* FirebaseAnalyticsSwift-Beta */ = {
			isa = XCSwiftPackageProductDependency;
			package = CA367C072804FEB10022AC56 /* XCRemoteSwiftPackageReference "firebase-ios-sdk" */;
			productName = "FirebaseAnalyticsSwift-Beta";
		};
		CA367C0C2804FEB10022AC56 /* FirebaseAnalyticsWithoutAdIdSupport */ = {
			isa = XCSwiftPackageProductDependency;
			package = CA367C072804FEB10022AC56 /* XCRemoteSwiftPackageReference "firebase-ios-sdk" */;
			productName = FirebaseAnalyticsWithoutAdIdSupport;
		};
		CA367C0E2804FEB10022AC56 /* FirebaseAppCheck */ = {
			isa = XCSwiftPackageProductDependency;
			package = CA367C072804FEB10022AC56 /* XCRemoteSwiftPackageReference "firebase-ios-sdk" */;
			productName = FirebaseAppCheck;
		};
		CA367C102804FEB10022AC56 /* FirebaseAppDistribution-Beta */ = {
			isa = XCSwiftPackageProductDependency;
			package = CA367C072804FEB10022AC56 /* XCRemoteSwiftPackageReference "firebase-ios-sdk" */;
			productName = "FirebaseAppDistribution-Beta";
		};
		CA367C122804FEB10022AC56 /* FirebaseAuth */ = {
			isa = XCSwiftPackageProductDependency;
			package = CA367C072804FEB10022AC56 /* XCRemoteSwiftPackageReference "firebase-ios-sdk" */;
			productName = FirebaseAuth;
		};
		CA367C142804FEB10022AC56 /* FirebaseAuthCombine-Community */ = {
			isa = XCSwiftPackageProductDependency;
			package = CA367C072804FEB10022AC56 /* XCRemoteSwiftPackageReference "firebase-ios-sdk" */;
			productName = "FirebaseAuthCombine-Community";
		};
		CA367C162804FEB10022AC56 /* FirebaseCrashlytics */ = {
			isa = XCSwiftPackageProductDependency;
			package = CA367C072804FEB10022AC56 /* XCRemoteSwiftPackageReference "firebase-ios-sdk" */;
			productName = FirebaseCrashlytics;
		};
		CA367C182804FEB10022AC56 /* FirebaseDatabase */ = {
			isa = XCSwiftPackageProductDependency;
			package = CA367C072804FEB10022AC56 /* XCRemoteSwiftPackageReference "firebase-ios-sdk" */;
			productName = FirebaseDatabase;
		};
		CA367C1A2804FEB10022AC56 /* FirebaseDatabaseSwift-Beta */ = {
			isa = XCSwiftPackageProductDependency;
			package = CA367C072804FEB10022AC56 /* XCRemoteSwiftPackageReference "firebase-ios-sdk" */;
			productName = "FirebaseDatabaseSwift-Beta";
		};
		CA367C1C2804FEB10022AC56 /* FirebaseDynamicLinks */ = {
			isa = XCSwiftPackageProductDependency;
			package = CA367C072804FEB10022AC56 /* XCRemoteSwiftPackageReference "firebase-ios-sdk" */;
			productName = FirebaseDynamicLinks;
		};
		CA367C1E2804FEB10022AC56 /* FirebaseFirestore */ = {
			isa = XCSwiftPackageProductDependency;
			package = CA367C072804FEB10022AC56 /* XCRemoteSwiftPackageReference "firebase-ios-sdk" */;
			productName = FirebaseFirestore;
		};
		CA367C202804FEB10022AC56 /* FirebaseFirestoreCombine-Community */ = {
			isa = XCSwiftPackageProductDependency;
			package = CA367C072804FEB10022AC56 /* XCRemoteSwiftPackageReference "firebase-ios-sdk" */;
			productName = "FirebaseFirestoreCombine-Community";
		};
		CA367C222804FEB10022AC56 /* FirebaseFirestoreSwift-Beta */ = {
			isa = XCSwiftPackageProductDependency;
			package = CA367C072804FEB10022AC56 /* XCRemoteSwiftPackageReference "firebase-ios-sdk" */;
			productName = "FirebaseFirestoreSwift-Beta";
		};
		CA367C242804FEB10022AC56 /* FirebaseFunctions */ = {
			isa = XCSwiftPackageProductDependency;
			package = CA367C072804FEB10022AC56 /* XCRemoteSwiftPackageReference "firebase-ios-sdk" */;
			productName = FirebaseFunctions;
		};
		CA367C262804FEB10022AC56 /* FirebaseFunctionsCombine-Community */ = {
			isa = XCSwiftPackageProductDependency;
			package = CA367C072804FEB10022AC56 /* XCRemoteSwiftPackageReference "firebase-ios-sdk" */;
			productName = "FirebaseFunctionsCombine-Community";
		};
		CA367C282804FEB10022AC56 /* FirebaseInAppMessaging-Beta */ = {
			isa = XCSwiftPackageProductDependency;
			package = CA367C072804FEB10022AC56 /* XCRemoteSwiftPackageReference "firebase-ios-sdk" */;
			productName = "FirebaseInAppMessaging-Beta";
		};
		CA367C2A2804FEB10022AC56 /* FirebaseInAppMessagingSwift-Beta */ = {
			isa = XCSwiftPackageProductDependency;
			package = CA367C072804FEB10022AC56 /* XCRemoteSwiftPackageReference "firebase-ios-sdk" */;
			productName = "FirebaseInAppMessagingSwift-Beta";
		};
		CA367C2C2804FEB10022AC56 /* FirebaseInstallations */ = {
			isa = XCSwiftPackageProductDependency;
			package = CA367C072804FEB10022AC56 /* XCRemoteSwiftPackageReference "firebase-ios-sdk" */;
			productName = FirebaseInstallations;
		};
		CA367C2E2804FEB10022AC56 /* FirebaseMessaging */ = {
			isa = XCSwiftPackageProductDependency;
			package = CA367C072804FEB10022AC56 /* XCRemoteSwiftPackageReference "firebase-ios-sdk" */;
			productName = FirebaseMessaging;
		};
		CA367C302804FEB10022AC56 /* FirebasePerformance */ = {
			isa = XCSwiftPackageProductDependency;
			package = CA367C072804FEB10022AC56 /* XCRemoteSwiftPackageReference "firebase-ios-sdk" */;
			productName = FirebasePerformance;
		};
		CA367C322804FEB10022AC56 /* FirebaseRemoteConfig */ = {
			isa = XCSwiftPackageProductDependency;
			package = CA367C072804FEB10022AC56 /* XCRemoteSwiftPackageReference "firebase-ios-sdk" */;
			productName = FirebaseRemoteConfig;
		};
		CA367C342804FEB10022AC56 /* FirebaseStorage */ = {
			isa = XCSwiftPackageProductDependency;
			package = CA367C072804FEB10022AC56 /* XCRemoteSwiftPackageReference "firebase-ios-sdk" */;
			productName = FirebaseStorage;
		};
		CA367C362804FEB10022AC56 /* FirebaseStorageCombine-Community */ = {
			isa = XCSwiftPackageProductDependency;
			package = CA367C072804FEB10022AC56 /* XCRemoteSwiftPackageReference "firebase-ios-sdk" */;
			productName = "FirebaseStorageCombine-Community";
		};
		CA367C382804FEB10022AC56 /* FirebaseStorageSwift-Beta */ = {
			isa = XCSwiftPackageProductDependency;
			package = CA367C072804FEB10022AC56 /* XCRemoteSwiftPackageReference "firebase-ios-sdk" */;
			productName = "FirebaseStorageSwift-Beta";
		};
/* End XCSwiftPackageProductDependency section */
	};
	rootObject = CA17AB0927E254AA0078F6B9 /* Project object */;
}
